
Microsoft Visual Studio Solution File, Format Version 12.00
# Visual Studio Version 17
VisualStudioVersion = 17.5.002.0
MinimumVisualStudioVersion = 10.0.40219.1
Project("{9A19103F-16F7-4668-BE54-9A1E7A4F7556}") = "shopapp", "shopapp.csproj", "{BEC74807-9B4F-47CA-8795-1992D00FBC73}"
EndProject
Global
	GlobalSection(SolutionConfigurationPlatforms) = preSolution
		Debug|Any CPU = Debug|Any CPU
		Release|Any CPU = Release|Any CPU
	EndGlobalSection
	GlobalSection(ProjectConfigurationPlatforms) = postSolution
		{BEC74807-9B4F-47CA-8795-1992D00FBC73}.Debug|Any CPU.ActiveCfg = Debug|Any CPU
		{BEC74807-9B4F-47CA-8795-1992D00FBC73}.Debug|Any CPU.Build.0 = Debug|Any CPU
		{BEC74807-9B4F-47CA-8795-1992D00FBC73}.Release|Any CPU.ActiveCfg = Release|Any CPU
		{BEC74807-9B4F-47CA-8795-1992D00FBC73}.Release|Any CPU.Build.0 = Release|Any CPU
	EndGlobalSection
	GlobalSection(SolutionProperties) = preSolution
		HideSolutionNode = FALSE
	EndGlobalSection
	GlobalSection(ExtensibilityGlobals) = postSolution
		SolutionGuid = {5B569050-2F7C-4832-BB5B-31E84D0998D1}
	EndGlobalSection
EndGlobal
